# This file is generated by running "yarn install" inside your project.
# Manual changes might be lost - proceed with caution!

__metadata:
  version: 4
  cacheKey: 7

"@yarnpkg/esbuild-plugin-pnp@npm:^1.0.0-rc.2":
  version: 1.0.0-rc.2
  resolution: "@yarnpkg/esbuild-plugin-pnp@npm:1.0.0-rc.2"
  dependencies:
    tslib: ^1.13.0
  peerDependencies:
    esbuild: ^0.8.36
  bin:
    esbuild-plugin-pnp: ./lib/cli.js
  checksum: bfa55937465b0a4ecae1af2639fdddcf63a614e0a68e10401348fd290c86a630396978c2ab3afccfb1bf90e23b7b45cf11947c0348830d57464f4976c4b30bec
  languageName: node
  linkType: hard

"esbuild@npm:^0.12.1":
  version: 0.12.1
  resolution: "esbuild@npm:0.12.1"
  bin:
    esbuild: bin/esbuild
  checksum: 9fad417f76b9bd8d8f62ae76572659066dfeefb11583cef73c283f7e0b75c9d1a341f9b9237b420bb1eb02234706e2563fea06ac9a1e01659705b57a3b75baa1
  languageName: node
  linkType: hard

"packageA@workspace:packages/packageA":
  version: 0.0.0-use.local
  resolution: "packageA@workspace:packages/packageA"
  dependencies:
    packageB: "workspace:packages/packageB"
  languageName: unknown
  linkType: soft

"packageB@workspace:packages/packageB":
  version: 0.0.0-use.local
  resolution: "packageB@workspace:packages/packageB"
  languageName: unknown
  linkType: soft

"tslib@npm:^1.13.0":
  version: 1.14.1
  resolution: "tslib@npm:1.14.1"
  checksum: f44fe7f216946b17d3e3074df3746372703cf24e9127b4c045511456e8e4bf25515fb0a1bb3937676cc305651c5d4fcb6377b0588a4c6a957e748c4c28905d17
  languageName: node
  linkType: hard

"yarn-esbuild-pkg-watch-repro@workspace:.":
  version: 0.0.0-use.local
  resolution: "yarn-esbuild-pkg-watch-repro@workspace:."
  dependencies:
    "@yarnpkg/esbuild-plugin-pnp": ^1.0.0-rc.2
    esbuild: ^0.12.1
  languageName: unknown
  linkType: soft
